
Microsoft Visual Studio Solution File, Format Version 12.00
# Visual Studio 15
VisualStudioVersion = 15.0.27130.2010
MinimumVisualStudioVersion = 10.0.40219.1
Project("{FAE04EC0-301F-11D3-BF4B-00C04F79EFBC}") = "ConcurrencyUpdate", "ConcurrencyUpdate\ConcurrencyUpdate.csproj", "{E41CB965-BB20-41DA-A3EC-05223176B85B}"
EndProject
Global
	GlobalSection(SolutionConfigurationPlatforms) = preSolution
		Debug|Any CPU = Debug|Any CPU
		Release|Any CPU = Release|Any CPU
	EndGlobalSection
	GlobalSection(ProjectConfigurationPlatforms) = postSolution
		{E41CB965-BB20-41DA-A3EC-05223176B85B}.Debug|Any CPU.ActiveCfg = Debug|Any CPU
		{E41CB965-BB20-41DA-A3EC-05223176B85B}.Debug|Any CPU.Build.0 = Debug|Any CPU
		{E41CB965-BB20-41DA-A3EC-05223176B85B}.Release|Any CPU.ActiveCfg = Release|Any CPU
		{E41CB965-BB20-41DA-A3EC-05223176B85B}.Release|Any CPU.Build.0 = Release|Any CPU
	EndGlobalSection
	GlobalSection(SolutionProperties) = preSolution
		HideSolutionNode = FALSE
	EndGlobalSection
	GlobalSection(ExtensibilityGlobals) = postSolution
		SolutionGuid = {747B3931-8A91-4277-B0D8-78A45FE72DC0}
	EndGlobalSection
EndGlobal
